// !$*UTF8*$!
{
	archiveVersion = 1;
	classes = {
	};
	objectVersion = 46;
	objects = {

/* Begin PBXBuildFile section */
		8283E5091CC6552A00D28121 /* AppDelegate.swift in Sources */ = {isa = PBXBuildFile; fileRef = 8283E5081CC6552A00D28121 /* AppDelegate.swift */; };
		8283E50B1CC6552A00D28121 /* ViewController.swift in Sources */ = {isa = PBXBuildFile; fileRef = 8283E50A1CC6552A00D28121 /* ViewController.swift */; };
		8283E50E1CC6552A00D28121 /* Main.storyboard in Resources */ = {isa = PBXBuildFile; fileRef = 8283E50C1CC6552A00D28121 /* Main.storyboard */; };
		8283E5101CC6552A00D28121 /* Assets.xcassets in Resources */ = {isa = PBXBuildFile; fileRef = 8283E50F1CC6552A00D28121 /* Assets.xcassets */; };
		8283E5131CC6552A00D28121 /* LaunchScreen.storyboard in Resources */ = {isa = PBXBuildFile; fileRef = 8283E5111CC6552A00D28121 /* LaunchScreen.storyboard */; };
		8283E51E1CC6552A00D28121 /* Git_sampleTests.swift in Sources */ = {isa = PBXBuildFile; fileRef = 8283E51D1CC6552A00D28121 /* Git_sampleTests.swift */; };
		8283E5291CC6552A00D28121 /* Git_sampleUITests.swift in Sources */ = {isa = PBXBuildFile; fileRef = 8283E5281CC6552A00D28121 /* Git_sampleUITests.swift */; };
/* End PBXBuildFile section */

/* Begin PBXContainerItemProxy section */
		8283E51A1CC6552A00D28121 /* PBXContainerItemProxy */ = {
			isa = PBXContainerItemProxy;
			containerPortal = 8283E4FD1CC6552A00D28121 /* Project object */;
			proxyType = 1;
			remoteGlobalIDString = 8283E5041CC6552A00D28121;
			remoteInfo = "Git-sample";
		};
		8283E5251CC6552A00D28121 /* PBXContainerItemProxy */ = {
			isa = PBXContainerItemProxy;
			containerPortal = 8283E4FD1CC6552A00D28121 /* Project object */;
			proxyType = 1;
			remoteGlobalIDString = 8283E5041CC6552A00D28121;
			remoteInfo = "Git-sample";
		};
/* End PBXContainerItemProxy section */

/* Begin PBXFileReference section */
		8283E5051CC6552A00D28121 /* Git-sample.app */ = {isa = PBXFileReference; explicitFileType = wrapper.application; includeInIndex = 0; path = "Git-sample.app"; sourceTree = BUILT_PRODUCTS_DIR; };
		8283E5081CC6552A00D28121 /* AppDelegate.swift */ = {isa = PBXFileReference; lastKnownFileType = sourcecode.swift; path = AppDelegate.swift; sourceTree = "<group>"; };
		8283E50A1CC6552A00D28121 /* ViewController.swift */ = {isa = PBXFileReference; lastKnownFileType = sourcecode.swift; path = ViewController.swift; sourceTree = "<group>"; };
		8283E50D1CC6552A00D28121 /* Base */ = {isa = PBXFileReference; lastKnownFileType = file.storyboard; name = Base; path = Base.lproj/Main.storyboard; sourceTree = "<group>"; };
		8283E50F1CC6552A00D28121 /* Assets.xcassets */ = {isa = PBXFileReference; lastKnownFileType = folder.assetcatalog; path = Assets.xcassets; sourceTree = "<group>"; };
		8283E5121CC6552A00D28121 /* Base */ = {isa = PBXFileReference; lastKnownFileType = file.storyboard; name = Base; path = Base.lproj/LaunchScreen.storyboard; sourceTree = "<group>"; };
		8283E5141CC6552A00D28121 /* Info.plist */ = {isa = PBXFileReference; lastKnownFileType = text.plist.xml; path = Info.plist; sourceTree = "<group>"; };
		8283E5191CC6552A00D28121 /* Git-sampleTests.xctest */ = {isa = PBXFileReference; explicitFileType = wrapper.cfbundle; includeInIndex = 0; path = "Git-sampleTests.xctest"; sourceTree = BUILT_PRODUCTS_DIR; };
		8283E51D1CC6552A00D28121 /* Git_sampleTests.swift */ = {isa = PBXFileReference; lastKnownFileType = sourcecode.swift; path = Git_sampleTests.swift; sourceTree = "<group>"; };
		8283E51F1CC6552A00D28121 /* Info.plist */ = {isa = PBXFileReference; lastKnownFileType = text.plist.xml; path = Info.plist; sourceTree = "<group>"; };
		8283E5241CC6552A00D28121 /* Git-sampleUITests.xctest */ = {isa = PBXFileReference; explicitFileType = wrapper.cfbundle; includeInIndex = 0; path = "Git-sampleUITests.xctest"; sourceTree = BUILT_PRODUCTS_DIR; };
		8283E5281CC6552A00D28121 /* Git_sampleUITests.swift */ = {isa = PBXFileReference; lastKnownFileType = sourcecode.swift; path = Git_sampleUITests.swift; sourceTree = "<group>"; };
		8283E52A1CC6552A00D28121 /* Info.plist */ = {isa = PBXFileReference; lastKnownFileType = text.plist.xml; path = Info.plist; sourceTree = "<group>"; };
/* End PBXFileReference section */

/* Begin PBXFrameworksBuildPhase section */
		8283E5021CC6552A00D28121 /* Frameworks */ = {
			isa = PBXFrameworksBuildPhase;
			buildActionMask = 2147483647;
			files = (
			);
			runOnlyForDeploymentPostprocessing = 0;
		};
		8283E5161CC6552A00D28121 /* Frameworks */ = {
			isa = PBXFrameworksBuildPhase;
			buildActionMask = 2147483647;
			files = (
			);
			runOnlyForDeploymentPostprocessing = 0;
		};
		8283E5211CC6552A00D28121 /* Frameworks */ = {
			isa = PBXFrameworksBuildPhase;
			buildActionMask = 2147483647;
			files = (
			);
			runOnlyForDeploymentPostprocessing = 0;
		};
/* End PBXFrameworksBuildPhase section */

/* Begin PBXGroup section */
		8283E4FC1CC6552A00D28121 = {
			isa = PBXGroup;
			children = (
				8283E5071CC6552A00D28121 /* Git-sample */,
				8283E51C1CC6552A00D28121 /* Git-sampleTests */,
				8283E5271CC6552A00D28121 /* Git-sampleUITests */,
				8283E5061CC6552A00D28121 /* Products */,
			);
			sourceTree = "<group>";
		};
		8283E5061CC6552A00D28121 /* Products */ = {
			isa = PBXGroup;
			children = (
				8283E5051CC6552A00D28121 /* Git-sample.app */,
				8283E5191CC6552A00D28121 /* Git-sampleTests.xctest */,
				8283E5241CC6552A00D28121 /* Git-sampleUITests.xctest */,
			);
			name = Products;
			sourceTree = "<group>";
		};
		8283E5071CC6552A00D28121 /* Git-sample */ = {
			isa = PBXGroup;
			children = (
				8283E5081CC6552A00D28121 /* AppDelegate.swift */,
				8283E50A1CC6552A00D28121 /* ViewController.swift */,
				8283E50C1CC6552A00D28121 /* Main.storyboard */,
				8283E50F1CC6552A00D28121 /* Assets.xcassets */,
				8283E5111CC6552A00D28121 /* LaunchScreen.storyboard */,
				8283E5141CC6552A00D28121 /* Info.plist */,
			);
			path = "Git-sample";
			sourceTree = "<group>";
		};
		8283E51C1CC6552A00D28121 /* Git-sampleTests */ = {
			isa = PBXGroup;
			children = (
				8283E51D1CC6552A00D28121 /* Git_sampleTests.swift */,
				8283E51F1CC6552A00D28121 /* Info.plist */,
			);
			path = "Git-sampleTests";
			sourceTree = "<group>";
		};
		8283E5271CC6552A00D28121 /* Git-sampleUITests */ = {
			isa = PBXGroup;
			children = (
				8283E5281CC6552A00D28121 /* Git_sampleUITests.swift */,
				8283E52A1CC6552A00D28121 /* Info.plist */,
			);
			path = "Git-sampleUITests";
			sourceTree = "<group>";
		};
/* End PBXGroup section */

/* Begin PBXNativeTarget section */
		8283E5041CC6552A00D28121 /* Git-sample */ = {
			isa = PBXNativeTarget;
			buildConfigurationList = 8283E52D1CC6552A00D28121 /* Build configuration list for PBXNativeTarget "Git-sample" */;
			buildPhases = (
				8283E5011CC6552A00D28121 /* Sources */,
				8283E5021CC6552A00D28121 /* Frameworks */,
				8283E5031CC6552A00D28121 /* Resources */,
			);
			buildRules = (
			);
			dependencies = (
			);
			name = "Git-sample";
			productName = "Git-sample";
			productReference = 8283E5051CC6552A00D28121 /* Git-sample.app */;
			productType = "com.apple.product-type.application";
		};
		8283E5181CC6552A00D28121 /* Git-sampleTests */ = {
			isa = PBXNativeTarget;
			buildConfigurationList = 8283E5301CC6552A00D28121 /* Build configuration list for PBXNativeTarget "Git-sampleTests" */;
			buildPhases = (
				8283E5151CC6552A00D28121 /* Sources */,
				8283E5161CC6552A00D28121 /* Frameworks */,
				8283E5171CC6552A00D28121 /* Resources */,
			);
			buildRules = (
			);
			dependencies = (
				8283E51B1CC6552A00D28121 /* PBXTargetDependency */,
			);
			name = "Git-sampleTests";
			productName = "Git-sampleTests";
			productReference = 8283E5191CC6552A00D28121 /* Git-sampleTests.xctest */;
			productType = "com.apple.product-type.bundle.unit-test";
		};
		8283E5231CC6552A00D28121 /* Git-sampleUITests */ = {
			isa = PBXNativeTarget;
			buildConfigurationList = 8283E5331CC6552A00D28121 /* Build configuration list for PBXNativeTarget "Git-sampleUITests" */;
			buildPhases = (
				8283E5201CC6552A00D28121 /* Sources */,
				8283E5211CC6552A00D28121 /* Frameworks */,
				8283E5221CC6552A00D28121 /* Resources */,
			);
			buildRules = (
			);
			dependencies = (
				8283E5261CC6552A00D28121 /* PBXTargetDependency */,
			);
			name = "Git-sampleUITests";
			productName = "Git-sampleUITests";
			productReference = 8283E5241CC6552A00D28121 /* Git-sampleUITests.xctest */;
			productType = "com.apple.product-type.bundle.ui-testing";
		};
/* End PBXNativeTarget section */

/* Begin PBXProject section */
		8283E4FD1CC6552A00D28121 /* Project object */ = {
			isa = PBXProject;
			attributes = {
				LastSwiftUpdateCheck = 0730;
				LastUpgradeCheck = 0730;
				ORGANIZATIONNAME = "tech-camp";
				TargetAttributes = {
					8283E5041CC6552A00D28121 = {
						CreatedOnToolsVersion = 7.3;
					};
					8283E5181CC6552A00D28121 = {
						CreatedOnToolsVersion = 7.3;
						TestTargetID = 8283E5041CC6552A00D28121;
					};
					8283E5231CC6552A00D28121 = {
						CreatedOnToolsVersion = 7.3;
						TestTargetID = 8283E5041CC6552A00D28121;
					};
				};
			};
			buildConfigurationList = 8283E5001CC6552A00D28121 /* Build configuration list for PBXProject "Git-sample" */;
			compatibilityVersion = "Xcode 3.2";
			developmentRegion = English;
			hasScannedForEncodings = 0;
			knownRegions = (
				en,
				Base,
			);
			mainGroup = 8283E4FC1CC6552A00D28121;
			productRefGroup = 8283E5061CC6552A00D28121 /* Products */;
			projectDirPath = "";
			projectRoot = "";
			targets = (
				8283E5041CC6552A00D28121 /* Git-sample */,
				8283E5181CC6552A00D28121 /* Git-sampleTests */,
				8283E5231CC6552A00D28121 /* Git-sampleUITests */,
			);
		};
/* End PBXProject section */

/* Begin PBXResourcesBuildPhase section */
		8283E5031CC6552A00D28121 /* Resources */ = {
			isa = PBXResourcesBuildPhase;
			buildActionMask = 2147483647;
			files = (
				8283E5131CC6552A00D28121 /* LaunchScreen.storyboard in Resources */,
				8283E5101CC6552A00D28121 /* Assets.xcassets in Resources */,
				8283E50E1CC6552A00D28121 /* Main.storyboard in Resources */,
			);
			runOnlyForDeploymentPostprocessing = 0;
		};
		8283E5171CC6552A00D28121 /* Resources */ = {
			isa = PBXResourcesBuildPhase;
			buildActionMask = 2147483647;
			files = (
			);
			runOnlyForDeploymentPostprocessing = 0;
		};
		8283E5221CC6552A00D28121 /* Resources */ = {
			isa = PBXResourcesBuildPhase;
			buildActionMask = 2147483647;
			files = (
			);
			runOnlyForDeploymentPostprocessing = 0;
		};
/* End PBXResourcesBuildPhase section */

/* Begin PBXSourcesBuildPhase section */
		8283E5011CC6552A00D28121 /* Sources */ = {
			isa = PBXSourcesBuildPhase;
			buildActionMask = 2147483647;
			files = (
				8283E50B1CC6552A00D28121 /* ViewController.swift in Sources */,
				8283E5091CC6552A00D28121 /* AppDelegate.swift in Sources */,
			);
			runOnlyForDeploymentPostprocessing = 0;
		};
		8283E5151CC6552A00D28121 /* Sources */ = {
			isa = PBXSourcesBuildPhase;
			buildActionMask = 2147483647;
			files = (
				8283E51E1CC6552A00D28121 /* Git_sampleTests.swift in Sources */,
			);
			runOnlyForDeploymentPostprocessing = 0;
		};
		8283E5201CC6552A00D28121 /* Sources */ = {
			isa = PBXSourcesBuildPhase;
			buildActionMask = 2147483647;
			files = (
				8283E5291CC6552A00D28121 /* Git_sampleUITests.swift in Sources */,
			);
			runOnlyForDeploymentPostprocessing = 0;
		};
/* End PBXSourcesBuildPhase section */

/* Begin PBXTargetDependency section */
		8283E51B1CC6552A00D28121 /* PBXTargetDependency */ = {
			isa = PBXTargetDependency;
			target = 8283E5041CC6552A00D28121 /* Git-sample */;
			targetProxy = 8283E51A1CC6552A00D28121 /* PBXContainerItemProxy */;
		};
		8283E5261CC6552A00D28121 /* PBXTargetDependency */ = {
			isa = PBXTargetDependency;
			target = 8283E5041CC6552A00D28121 /* Git-sample */;
			targetProxy = 8283E5251CC6552A00D28121 /* PBXContainerItemProxy */;
		};
/* End PBXTargetDependency section */

/* Begin PBXVariantGroup section */
		8283E50C1CC6552A00D28121 /* Main.storyboard */ = {
			isa = PBXVariantGroup;
			children = (
				8283E50D1CC6552A00D28121 /* Base */,
			);
			name = Main.storyboard;
			sourceTree = "<group>";
		};
		8283E5111CC6552A00D28121 /* LaunchScreen.storyboard */ = {
			isa = PBXVariantGroup;
			children = (
				8283E5121CC6552A00D28121 /* Base */,
			);
			name = LaunchScreen.storyboard;
			sourceTree = "<group>";
		};
/* End PBXVariantGroup section */

/* Begin XCBuildConfiguration section */
		8283E52B1CC6552A00D28121 /* Debug */ = {
			isa = XCBuildConfiguration;
			buildSettings = {
				ALWAYS_SEARCH_USER_PATHS = NO;
				CLANG_ANALYZER_NONNULL = YES;
				CLANG_CXX_LANGUAGE_STANDARD = "gnu++0x";
				CLANG_CXX_LIBRARY = "libc++";
				CLANG_ENABLE_MODULES = YES;
				CLANG_ENABLE_OBJC_ARC = YES;
				CLANG_WARN_BOOL_CONVERSION = YES;
				CLANG_WARN_CONSTANT_CONVERSION = YES;
				CLANG_WARN_DIRECT_OBJC_ISA_USAGE = YES_ERROR;
				CLANG_WARN_EMPTY_BODY = YES;
				CLANG_WARN_ENUM_CONVERSION = YES;
				CLANG_WARN_INT_CONVERSION = YES;
				CLANG_WARN_OBJC_ROOT_CLASS = YES_ERROR;
				CLANG_WARN_UNREACHABLE_CODE = YES;
				CLANG_WARN__DUPLICATE_METHOD_MATCH = YES;
				"CODE_SIGN_IDENTITY[sdk=iphoneos*]" = "iPhone Developer";
				COPY_PHASE_STRIP = NO;
				DEBUG_INFORMATION_FORMAT = dwarf;
				ENABLE_STRICT_OBJC_MSGSEND = YES;
				ENABLE_TESTABILITY = YES;
				GCC_C_LANGUAGE_STANDARD = gnu99;
				GCC_DYNAMIC_NO_PIC = NO;
				GCC_NO_COMMON_BLOCKS = YES;
				GCC_OPTIMIZATION_LEVEL = 0;
				GCC_PREPROCESSOR_DEFINITIONS = (
					"DEBUG=1",
					"$(inherited)",
				);
				GCC_WARN_64_TO_32_BIT_CONVERSION = YES;
				GCC_WARN_ABOUT_RETURN_TYPE = YES_ERROR;
				GCC_WARN_UNDECLARED_SELECTOR = YES;
				GCC_WARN_UNINITIALIZED_AUTOS = YES_AGGRESSIVE;
				GCC_WARN_UNUSED_FUNCTION = YES;
				GCC_WARN_UNUSED_VARIABLE = YES;
				IPHONEOS_DEPLOYMENT_TARGET = 9.3;
				MTL_ENABLE_DEBUG_INFO = YES;
				ONLY_ACTIVE_ARCH = YES;
				SDKROOT = iphoneos;
				SWIFT_OPTIMIZATION_LEVEL = "-Onone";
			};
			name = Debug;
		};
		8283E52C1CC6552A00D28121 /* Release */ = {
			isa = XCBuildConfiguration;
			buildSettings = {
				ALWAYS_SEARCH_USER_PATHS = NO;
				CLANG_ANALYZER_NONNULL = YES;
				CLANG_CXX_LANGUAGE_STANDARD = "gnu++0x";
				CLANG_CXX_LIBRARY = "libc++";
				CLANG_ENABLE_MODULES = YES;
				CLANG_ENABLE_OBJC_ARC = YES;
				CLANG_WARN_BOOL_CONVERSION = YES;
				CLANG_WARN_CONSTANT_CONVERSION = YES;
				CLANG_WARN_DIRECT_OBJC_ISA_USAGE = YES_ERROR;
				CLANG_WARN_EMPTY_BODY = YES;
				CLANG_WARN_ENUM_CONVERSION = YES;
				CLANG_WARN_INT_CONVERSION = YES;
				CLANG_WARN_OBJC_ROOT_CLASS = YES_ERROR;
				CLANG_WARN_UNREACHABLE_CODE = YES;
				CLANG_WARN__DUPLICATE_METHOD_MATCH = YES;
				"CODE_SIGN_IDENTITY[sdk=iphoneos*]" = "iPhone Developer";
				COPY_PHASE_STRIP = NO;
				DEBUG_INFORMATION_FORMAT = "dwarf-with-dsym";
				ENABLE_NS_ASSERTIONS = NO;
				ENABLE_STRICT_OBJC_MSGSEND = YES;
				GCC_C_LANGUAGE_STANDARD = gnu99;
				GCC_NO_COMMON_BLOCKS = YES;
				GCC_WARN_64_TO_32_BIT_CONVERSION = YES;
				GCC_WARN_ABOUT_RETURN_TYPE = YES_ERROR;
				GCC_WARN_UNDECLARED_SELECTOR = YES;
				GCC_WARN_UNINITIALIZED_AUTOS = YES_AGGRESSIVE;
				GCC_WARN_UNUSED_FUNCTION = YES;
				GCC_WARN_UNUSED_VARIABLE = YES;
				IPHONEOS_DEPLOYMENT_TARGET = 9.3;
				MTL_ENABLE_DEBUG_INFO = NO;
				SDKROOT = iphoneos;
				VALIDATE_PRODUCT = YES;
			};
			name = Release;
		};
		8283E52E1CC6552A00D28121 /* Debug */ = {
			isa = XCBuildConfiguration;
			buildSettings = {
				ASSETCATALOG_COMPILER_APPICON_NAME = AppIcon;
				INFOPLIST_FILE = "Git-sample/Info.plist";
				LD_RUNPATH_SEARCH_PATHS = "$(inherited) @executable_path/Frameworks";
				PRODUCT_BUNDLE_IDENTIFIER = "sho.Git-sample";
				PRODUCT_NAME = "$(TARGET_NAME)";
			};
			name = Debug;
		};
		8283E52F1CC6552A00D28121 /* Release */ = {
			isa = XCBuildConfiguration;
			buildSettings = {
				ASSETCATALOG_COMPILER_APPICON_NAME = AppIcon;
				INFOPLIST_FILE = "Git-sample/Info.plist";
				LD_RUNPATH_SEARCH_PATHS = "$(inherited) @executable_path/Frameworks";
				PRODUCT_BUNDLE_IDENTIFIER = "sho.Git-sample";
				PRODUCT_NAME = "$(TARGET_NAME)";
			};
			name = Release;
		};
		8283E5311CC6552A00D28121 /* Debug */ = {
			isa = XCBuildConfiguration;
			buildSettings = {
				BUNDLE_LOADER = "$(TEST_HOST)";
				INFOPLIST_FILE = "Git-sampleTests/Info.plist";
				LD_RUNPATH_SEARCH_PATHS = "$(inherited) @executable_path/Frameworks @loader_path/Frameworks";
				PRODUCT_BUNDLE_IDENTIFIER = "sho.Git-sampleTests";
				PRODUCT_NAME = "$(TARGET_NAME)";
				TEST_HOST = "$(BUILT_PRODUCTS_DIR)/Git-sample.app/Git-sample";
			};
			name = Debug;
		};
		8283E5321CC6552A00D28121 /* Release */ = {
			isa = XCBuildConfiguration;
			buildSettings = {
				BUNDLE_LOADER = "$(TEST_HOST)";
				INFOPLIST_FILE = "Git-sampleTests/Info.plist";
				LD_RUNPATH_SEARCH_PATHS = "$(inherited) @executable_path/Frameworks @loader_path/Frameworks";
				PRODUCT_BUNDLE_IDENTIFIER = "sho.Git-sampleTests";
				PRODUCT_NAME = "$(TARGET_NAME)";
				TEST_HOST = "$(BUILT_PRODUCTS_DIR)/Git-sample.app/Git-sample";
			};
			name = Release;
		};
		8283E5341CC6552A00D28121 /* Debug */ = {
			isa = XCBuildConfiguration;
			buildSettings = {
				INFOPLIST_FILE = "Git-sampleUITests/Info.plist";
				LD_RUNPATH_SEARCH_PATHS = "$(inherited) @executable_path/Frameworks @loader_path/Frameworks";
				PRODUCT_BUNDLE_IDENTIFIER = "sho.Git-sampleUITests";
				PRODUCT_NAME = "$(TARGET_NAME)";
				TEST_TARGET_NAME = "Git-sample";
			};
			name = Debug;
		};
		8283E5351CC6552A00D28121 /* Release */ = {
			isa = XCBuildConfiguration;
			buildSettings = {
				INFOPLIST_FILE = "Git-sampleUITests/Info.plist";
				LD_RUNPATH_SEARCH_PATHS = "$(inherited) @executable_path/Frameworks @loader_path/Frameworks";
				PRODUCT_BUNDLE_IDENTIFIER = "sho.Git-sampleUITests";
				PRODUCT_NAME = "$(TARGET_NAME)";
				TEST_TARGET_NAME = "Git-sample";
			};
			name = Release;
		};
/* End XCBuildConfiguration section */

/* Begin XCConfigurationList section */
		8283E5001CC6552A00D28121 /* Build configuration list for PBXProject "Git-sample" */ = {
			isa = XCConfigurationList;
			buildConfigurations = (
				8283E52B1CC6552A00D28121 /* Debug */,
				8283E52C1CC6552A00D28121 /* Release */,
			);
			defaultConfigurationIsVisible = 0;
			defaultConfigurationName = Release;
		};
		8283E52D1CC6552A00D28121 /* Build configuration list for PBXNativeTarget "Git-sample" */ = {
			isa = XCConfigurationList;
			buildConfigurations = (
				8283E52E1CC6552A00D28121 /* Debug */,
				8283E52F1CC6552A00D28121 /* Release */,
			);
			defaultConfigurationIsVisible = 0;
		};
		8283E5301CC6552A00D28121 /* Build configuration list for PBXNativeTarget "Git-sampleTests" */ = {
			isa = XCConfigurationList;
			buildConfigurations = (
				8283E5311CC6552A00D28121 /* Debug */,
				8283E5321CC6552A00D28121 /* Release */,
			);
			defaultConfigurationIsVisible = 0;
		};
		8283E5331CC6552A00D28121 /* Build configuration list for PBXNativeTarget "Git-sampleUITests" */ = {
			isa = XCConfigurationList;
			buildConfigurations = (
				8283E5341CC6552A00D28121 /* Debug */,
				8283E5351CC6552A00D28121 /* Release */,
			);
			defaultConfigurationIsVisible = 0;
		};
/* End XCConfigurationList section */
	};
	rootObject = 8283E4FD1CC6552A00D28121 /* Project object */;
}
